
Microsoft Visual Studio Solution File, Format Version 12.00
# Visual Studio 15
VisualStudioVersion = 15.0.27130.0
MinimumVisualStudioVersion = 10.0.40219.1
Project("{FAE04EC0-301F-11D3-BF4B-00C04F79EFBC}") = "SalaryDetailer", "SalaryDetailer\SalaryDetailer.csproj", "{F92591F3-B144-4626-B507-2D80BC8ECAE6}"
EndProject
Global
	GlobalSection(SolutionConfigurationPlatforms) = preSolution
		Debug|Any CPU = Debug|Any CPU
		Release|Any CPU = Release|Any CPU
	EndGlobalSection
	GlobalSection(ProjectConfigurationPlatforms) = postSolution
		{F92591F3-B144-4626-B507-2D80BC8ECAE6}.Debug|Any CPU.ActiveCfg = Debug|Any CPU
		{F92591F3-B144-4626-B507-2D80BC8ECAE6}.Debug|Any CPU.Build.0 = Debug|Any CPU
		{F92591F3-B144-4626-B507-2D80BC8ECAE6}.Release|Any CPU.ActiveCfg = Release|Any CPU
		{F92591F3-B144-4626-B507-2D80BC8ECAE6}.Release|Any CPU.Build.0 = Release|Any CPU
	EndGlobalSection
	GlobalSection(SolutionProperties) = preSolution
		HideSolutionNode = FALSE
	EndGlobalSection
	GlobalSection(ExtensibilityGlobals) = postSolution
		SolutionGuid = {2E56F337-62FA-4896-A62C-BE36663627B6}
	EndGlobalSection
EndGlobal
